{
  "nodes": {
    "home-manager": {
      "inputs": {
        "nixpkgs": [
          "nixpkgs"
        ]
      },
      "locked": {
        "lastModified": 1719827415,
        "narHash": "sha256-pvh+1hStXXAZf0sZ1xIJbWGx4u+OGBC1rVx6Wsw0fBw=",
        "owner": "nix-community",
        "repo": "home-manager",
        "rev": "f2e3c19867262dbe84fdfab42467fc8dd83a2005",
        "type": "github"
      },
      "original": {
        "owner": "nix-community",
        "ref": "release-23.11",
        "repo": "home-manager",
        "type": "github"
      }
    },
    "nixos-hardware": {
      "locked": {
        "lastModified": 1743167577,
        "narHash": "sha256-I09SrXIO0UdyBFfh0fxDq5WnCDg8XKmZ1HQbaXzMA1k=",
        "owner": "NixOS",
        "repo": "nixos-hardware",
        "rev": "0ed819e708af17bfc4bbc63ee080ef308a24aa42",
        "type": "github"
      },
      "original": {
        "owner": "NixOS",
        "ref": "master",
        "repo": "nixos-hardware",
        "type": "github"
      }
    },
    "nixpkgs": {
      "locked": {
        "lastModified": 1742937945,
        "narHash": "sha256-lWc+79eZRyvHp/SqMhHTMzZVhpxkRvthsP1Qx6UCq0E=",
        "owner": "NixOS",
        "repo": "nixpkgs",
        "rev": "d02d88f8de5b882ccdde0465d8fa2db3aa1169f7",
        "type": "github"
      },
      "original": {
        "owner": "NixOS",
        "ref": "nixos-24.11",
        "repo": "nixpkgs",
        "type": "github"
      }
    },
    "root": {
      "inputs": {
        "home-manager": "home-manager",
        "nixos-hardware": "nixos-hardware",
        "nixpkgs": "nixpkgs"
      }
    }
  },
  "root": "root",
  "version": 7
}
